
Microsoft Visual Studio Solution File, Format Version 12.00
# Visual Studio Version 17
VisualStudioVersion = 17.7.34031.279
MinimumVisualStudioVersion = 10.0.40219.1
Project("{9A19103F-16F7-4668-BE54-9A1E7A4F7556}") = "RatingBooks", "RatingBooks\RatingBooks.csproj", "{300ABFDE-BFAE-4473-B075-0EC53F2C69CE}"
EndProject
Project("{2150E333-8FDC-42A3-9474-1A3956D46DE8}") = "Api", "Api", "{BAC84E7B-7E66-41EA-B71D-7EA4B55BA56F}"
EndProject
Project("{2150E333-8FDC-42A3-9474-1A3956D46DE8}") = "Core", "Core", "{796AB9FF-BE73-4036-96D8-17400FE4FF8C}"
EndProject
Project("{9A19103F-16F7-4668-BE54-9A1E7A4F7556}") = "RatingBooks.Application", "RatingBooks.Application\RatingBooks.Application.csproj", "{18A5D577-17B0-49AB-B929-953AD65ED650}"
EndProject
Project("{9A19103F-16F7-4668-BE54-9A1E7A4F7556}") = "RatingBooks.Domain", "RatingBooks.Domain\RatingBooks.Domain.csproj", "{7BBB7282-E1B2-4F52-A7E5-B59D961E984D}"
EndProject
Project("{9A19103F-16F7-4668-BE54-9A1E7A4F7556}") = "RatingBooks.Persistance", "RatingBooks.Persistance\RatingBooks.Persistance.csproj", "{BA326D22-797C-4810-B208-F4096CBCB68A}"
EndProject
Global
	GlobalSection(SolutionConfigurationPlatforms) = preSolution
		Debug|Any CPU = Debug|Any CPU
		Release|Any CPU = Release|Any CPU
	EndGlobalSection
	GlobalSection(ProjectConfigurationPlatforms) = postSolution
		{300ABFDE-BFAE-4473-B075-0EC53F2C69CE}.Debug|Any CPU.ActiveCfg = Debug|Any CPU
		{300ABFDE-BFAE-4473-B075-0EC53F2C69CE}.Debug|Any CPU.Build.0 = Debug|Any CPU
		{300ABFDE-BFAE-4473-B075-0EC53F2C69CE}.Release|Any CPU.ActiveCfg = Release|Any CPU
		{300ABFDE-BFAE-4473-B075-0EC53F2C69CE}.Release|Any CPU.Build.0 = Release|Any CPU
		{18A5D577-17B0-49AB-B929-953AD65ED650}.Debug|Any CPU.ActiveCfg = Debug|Any CPU
		{18A5D577-17B0-49AB-B929-953AD65ED650}.Debug|Any CPU.Build.0 = Debug|Any CPU
		{18A5D577-17B0-49AB-B929-953AD65ED650}.Release|Any CPU.ActiveCfg = Release|Any CPU
		{18A5D577-17B0-49AB-B929-953AD65ED650}.Release|Any CPU.Build.0 = Release|Any CPU
		{7BBB7282-E1B2-4F52-A7E5-B59D961E984D}.Debug|Any CPU.ActiveCfg = Debug|Any CPU
		{7BBB7282-E1B2-4F52-A7E5-B59D961E984D}.Debug|Any CPU.Build.0 = Debug|Any CPU
		{7BBB7282-E1B2-4F52-A7E5-B59D961E984D}.Release|Any CPU.ActiveCfg = Release|Any CPU
		{7BBB7282-E1B2-4F52-A7E5-B59D961E984D}.Release|Any CPU.Build.0 = Release|Any CPU
		{BA326D22-797C-4810-B208-F4096CBCB68A}.Debug|Any CPU.ActiveCfg = Debug|Any CPU
		{BA326D22-797C-4810-B208-F4096CBCB68A}.Debug|Any CPU.Build.0 = Debug|Any CPU
		{BA326D22-797C-4810-B208-F4096CBCB68A}.Release|Any CPU.ActiveCfg = Release|Any CPU
		{BA326D22-797C-4810-B208-F4096CBCB68A}.Release|Any CPU.Build.0 = Release|Any CPU
	EndGlobalSection
	GlobalSection(SolutionProperties) = preSolution
		HideSolutionNode = FALSE
	EndGlobalSection
	GlobalSection(NestedProjects) = preSolution
		{300ABFDE-BFAE-4473-B075-0EC53F2C69CE} = {BAC84E7B-7E66-41EA-B71D-7EA4B55BA56F}
		{18A5D577-17B0-49AB-B929-953AD65ED650} = {796AB9FF-BE73-4036-96D8-17400FE4FF8C}
		{7BBB7282-E1B2-4F52-A7E5-B59D961E984D} = {796AB9FF-BE73-4036-96D8-17400FE4FF8C}
		{BA326D22-797C-4810-B208-F4096CBCB68A} = {796AB9FF-BE73-4036-96D8-17400FE4FF8C}
	EndGlobalSection
	GlobalSection(ExtensibilityGlobals) = postSolution
		SolutionGuid = {DACA9AC9-2486-4F54-8E67-B25055D03F87}
	EndGlobalSection
EndGlobal
