
Microsoft Visual Studio Solution File, Format Version 12.00
# Visual Studio Version 17
VisualStudioVersion = 17.9.34714.143
MinimumVisualStudioVersion = 10.0.40219.1
Project("{9A19103F-16F7-4668-BE54-9A1E7A4F7556}") = "RatingBooks.Persistance", "RatingBooks.Persistance.csproj", "{D71E970B-BD90-4BEA-9594-BEC6C19E1F0F}"
EndProject
Global
	GlobalSection(SolutionConfigurationPlatforms) = preSolution
		Debug|Any CPU = Debug|Any CPU
		Release|Any CPU = Release|Any CPU
	EndGlobalSection
	GlobalSection(ProjectConfigurationPlatforms) = postSolution
		{D71E970B-BD90-4BEA-9594-BEC6C19E1F0F}.Debug|Any CPU.ActiveCfg = Debug|Any CPU
		{D71E970B-BD90-4BEA-9594-BEC6C19E1F0F}.Debug|Any CPU.Build.0 = Debug|Any CPU
		{D71E970B-BD90-4BEA-9594-BEC6C19E1F0F}.Release|Any CPU.ActiveCfg = Release|Any CPU
		{D71E970B-BD90-4BEA-9594-BEC6C19E1F0F}.Release|Any CPU.Build.0 = Release|Any CPU
	EndGlobalSection
	GlobalSection(SolutionProperties) = preSolution
		HideSolutionNode = FALSE
	EndGlobalSection
	GlobalSection(ExtensibilityGlobals) = postSolution
		SolutionGuid = {DB908E6A-E858-40F2-9931-E042A40F1FF5}
	EndGlobalSection
EndGlobal
